// !$*UTF8*$!
{
	archiveVersion = 1;
	classes = {
	};
	objectVersion = 50;
	objects = {

/* Begin PBXBuildFile section */
		C173C7B820BE36EB0059066F /* AppDelegate.m in Sources */ = {isa = PBXBuildFile; fileRef = C173C7B720BE36EB0059066F /* AppDelegate.m */; };
		C173C7BE20BE36EB0059066F /* Main.storyboard in Resources */ = {isa = PBXBuildFile; fileRef = C173C7BC20BE36EB0059066F /* Main.storyboard */; };
		C173C7C020BE36F20059066F /* images.xcassets in Resources */ = {isa = PBXBuildFile; fileRef = C173C7BF20BE36F20059066F /* images.xcassets */; };
		C173C7C320BE36F20059066F /* LaunchScreen.storyboard in Resources */ = {isa = PBXBuildFile; fileRef = C173C7C120BE36F20059066F /* LaunchScreen.storyboard */; };
		C173C7C620BE36F20059066F /* main.m in Sources */ = {isa = PBXBuildFile; fileRef = C173C7C520BE36F20059066F /* main.m */; };
		C173C7CE20BE9E370059066F /* BaiduTraceSDK.framework in Frameworks */ = {isa = PBXBuildFile; fileRef = C173C7CC20BE9E170059066F /* BaiduTraceSDK.framework */; };
		C173C7CF20BE9E370059066F /* BaiduTraceSDK.framework in Embed Frameworks */ = {isa = PBXBuildFile; fileRef = C173C7CC20BE9E170059066F /* BaiduTraceSDK.framework */; settings = {ATTRIBUTES = (CodeSignOnCopy, RemoveHeadersOnCopy, ); }; };
		C173C7D920BF8A720059066F /* BKTraceServiceManager.m in Sources */ = {isa = PBXBuildFile; fileRef = C173C7D820BF8A720059066F /* BKTraceServiceManager.m */; };
		C173C7DC20BF8A990059066F /* BKConstrants.m in Sources */ = {isa = PBXBuildFile; fileRef = C173C7DA20BF8A980059066F /* BKConstrants.m */; };
		C173C7E020BF8BF00059066F /* LocationViewController.m in Sources */ = {isa = PBXBuildFile; fileRef = C173C7DE20BF8BF00059066F /* LocationViewController.m */; };
		C173C7E120BF8BF00059066F /* LocationViewController.xib in Resources */ = {isa = PBXBuildFile; fileRef = C173C7DF20BF8BF00059066F /* LocationViewController.xib */; };
		C173C7E520BF8BFF0059066F /* EagleViewController.m in Sources */ = {isa = PBXBuildFile; fileRef = C173C7E320BF8BFF0059066F /* EagleViewController.m */; };
		C173C7E620BF8BFF0059066F /* EagleViewController.xib in Resources */ = {isa = PBXBuildFile; fileRef = C173C7E420BF8BFF0059066F /* EagleViewController.xib */; };
		C173C7EC20BFBEE40059066F /* ScanContrailViewController.m in Sources */ = {isa = PBXBuildFile; fileRef = C173C7EA20BFBEE40059066F /* ScanContrailViewController.m */; };
		C173C7ED20BFBEE40059066F /* ScanContrailViewController.xib in Resources */ = {isa = PBXBuildFile; fileRef = C173C7EB20BFBEE40059066F /* ScanContrailViewController.xib */; };
		C173C7F120BFBEF30059066F /* ContrailViewController.m in Sources */ = {isa = PBXBuildFile; fileRef = C173C7EF20BFBEF30059066F /* ContrailViewController.m */; };
		C173C7F220BFBEF30059066F /* ContrailViewController.xib in Resources */ = {isa = PBXBuildFile; fileRef = C173C7F020BFBEF30059066F /* ContrailViewController.xib */; };
		C173C7F520BFDD810059066F /* UserEntity.m in Sources */ = {isa = PBXBuildFile; fileRef = C173C7F420BFDD810059066F /* UserEntity.m */; };
/* End PBXBuildFile section */

/* Begin PBXCopyFilesBuildPhase section */
		C173C7D020BE9E370059066F /* Embed Frameworks */ = {
			isa = PBXCopyFilesBuildPhase;
			buildActionMask = 2147483647;
			dstPath = "";
			dstSubfolderSpec = 10;
			files = (
				C173C7CF20BE9E370059066F /* BaiduTraceSDK.framework in Embed Frameworks */,
			);
			name = "Embed Frameworks";
			runOnlyForDeploymentPostprocessing = 0;
		};
/* End PBXCopyFilesBuildPhase section */

/* Begin PBXFileReference section */
		C173C7B320BE36EB0059066F /* EagleDemo.app */ = {isa = PBXFileReference; explicitFileType = wrapper.application; includeInIndex = 0; path = EagleDemo.app; sourceTree = BUILT_PRODUCTS_DIR; };
		C173C7B620BE36EB0059066F /* AppDelegate.h */ = {isa = PBXFileReference; lastKnownFileType = sourcecode.c.h; path = AppDelegate.h; sourceTree = "<group>"; };
		C173C7B720BE36EB0059066F /* AppDelegate.m */ = {isa = PBXFileReference; lastKnownFileType = sourcecode.c.objc; path = AppDelegate.m; sourceTree = "<group>"; };
		C173C7BD20BE36EB0059066F /* Base */ = {isa = PBXFileReference; lastKnownFileType = file.storyboard; name = Base; path = Base.lproj/Main.storyboard; sourceTree = "<group>"; };
		C173C7BF20BE36F20059066F /* images.xcassets */ = {isa = PBXFileReference; lastKnownFileType = folder.assetcatalog; path = images.xcassets; sourceTree = "<group>"; };
		C173C7C220BE36F20059066F /* Base */ = {isa = PBXFileReference; lastKnownFileType = file.storyboard; name = Base; path = Base.lproj/LaunchScreen.storyboard; sourceTree = "<group>"; };
		C173C7C420BE36F20059066F /* Info.plist */ = {isa = PBXFileReference; lastKnownFileType = text.plist.xml; path = Info.plist; sourceTree = "<group>"; };
		C173C7C520BE36F20059066F /* main.m */ = {isa = PBXFileReference; lastKnownFileType = sourcecode.c.objc; path = main.m; sourceTree = "<group>"; };
		C173C7CC20BE9E170059066F /* BaiduTraceSDK.framework */ = {isa = PBXFileReference; lastKnownFileType = wrapper.framework; path = BaiduTraceSDK.framework; sourceTree = "<group>"; };
		C173C7D720BF8A720059066F /* BKTraceServiceManager.h */ = {isa = PBXFileReference; lastKnownFileType = sourcecode.c.h; path = BKTraceServiceManager.h; sourceTree = "<group>"; };
		C173C7D820BF8A720059066F /* BKTraceServiceManager.m */ = {isa = PBXFileReference; lastKnownFileType = sourcecode.c.objc; path = BKTraceServiceManager.m; sourceTree = "<group>"; };
		C173C7DA20BF8A980059066F /* BKConstrants.m */ = {isa = PBXFileReference; fileEncoding = 4; lastKnownFileType = sourcecode.c.objc; path = BKConstrants.m; sourceTree = "<group>"; };
		C173C7DB20BF8A980059066F /* BKConstrants.h */ = {isa = PBXFileReference; fileEncoding = 4; lastKnownFileType = sourcecode.c.h; path = BKConstrants.h; sourceTree = "<group>"; };
		C173C7DD20BF8BF00059066F /* LocationViewController.h */ = {isa = PBXFileReference; lastKnownFileType = sourcecode.c.h; path = LocationViewController.h; sourceTree = "<group>"; };
		C173C7DE20BF8BF00059066F /* LocationViewController.m */ = {isa = PBXFileReference; lastKnownFileType = sourcecode.c.objc; path = LocationViewController.m; sourceTree = "<group>"; };
		C173C7DF20BF8BF00059066F /* LocationViewController.xib */ = {isa = PBXFileReference; lastKnownFileType = file.xib; path = LocationViewController.xib; sourceTree = "<group>"; };
		C173C7E220BF8BFF0059066F /* EagleViewController.h */ = {isa = PBXFileReference; lastKnownFileType = sourcecode.c.h; path = EagleViewController.h; sourceTree = "<group>"; };
		C173C7E320BF8BFF0059066F /* EagleViewController.m */ = {isa = PBXFileReference; lastKnownFileType = sourcecode.c.objc; path = EagleViewController.m; sourceTree = "<group>"; };
		C173C7E420BF8BFF0059066F /* EagleViewController.xib */ = {isa = PBXFileReference; lastKnownFileType = file.xib; path = EagleViewController.xib; sourceTree = "<group>"; };
		C173C7E920BFBEE40059066F /* ScanContrailViewController.h */ = {isa = PBXFileReference; lastKnownFileType = sourcecode.c.h; path = ScanContrailViewController.h; sourceTree = "<group>"; };
		C173C7EA20BFBEE40059066F /* ScanContrailViewController.m */ = {isa = PBXFileReference; lastKnownFileType = sourcecode.c.objc; path = ScanContrailViewController.m; sourceTree = "<group>"; };
		C173C7EB20BFBEE40059066F /* ScanContrailViewController.xib */ = {isa = PBXFileReference; lastKnownFileType = file.xib; path = ScanContrailViewController.xib; sourceTree = "<group>"; };
		C173C7EE20BFBEF30059066F /* ContrailViewController.h */ = {isa = PBXFileReference; lastKnownFileType = sourcecode.c.h; path = ContrailViewController.h; sourceTree = "<group>"; };
		C173C7EF20BFBEF30059066F /* ContrailViewController.m */ = {isa = PBXFileReference; lastKnownFileType = sourcecode.c.objc; path = ContrailViewController.m; sourceTree = "<group>"; };
		C173C7F020BFBEF30059066F /* ContrailViewController.xib */ = {isa = PBXFileReference; lastKnownFileType = file.xib; path = ContrailViewController.xib; sourceTree = "<group>"; };
		C173C7F320BFDD810059066F /* UserEntity.h */ = {isa = PBXFileReference; lastKnownFileType = sourcecode.c.h; path = UserEntity.h; sourceTree = "<group>"; };
		C173C7F420BFDD810059066F /* UserEntity.m */ = {isa = PBXFileReference; lastKnownFileType = sourcecode.c.objc; path = UserEntity.m; sourceTree = "<group>"; };
/* End PBXFileReference section */

/* Begin PBXFrameworksBuildPhase section */
		C173C7B020BE36EB0059066F /* Frameworks */ = {
			isa = PBXFrameworksBuildPhase;
			buildActionMask = 2147483647;
			files = (
				C173C7CE20BE9E370059066F /* BaiduTraceSDK.framework in Frameworks */,
			);
			runOnlyForDeploymentPostprocessing = 0;
		};
/* End PBXFrameworksBuildPhase section */

/* Begin PBXGroup section */
		C173C7AA20BE36EB0059066F = {
			isa = PBXGroup;
			children = (
				C173C7CC20BE9E170059066F /* BaiduTraceSDK.framework */,
				C173C7B520BE36EB0059066F /* EagleDemo */,
				C173C7B420BE36EB0059066F /* Products */,
			);
			sourceTree = "<group>";
		};
		C173C7B420BE36EB0059066F /* Products */ = {
			isa = PBXGroup;
			children = (
				C173C7B320BE36EB0059066F /* EagleDemo.app */,
			);
			name = Products;
			sourceTree = "<group>";
		};
		C173C7B520BE36EB0059066F /* EagleDemo */ = {
			isa = PBXGroup;
			children = (
				C173C7D620BF8A600059066F /* TraceService */,
				C173C7E820BFBE610059066F /* eagle */,
				C173C7E720BFBE580059066F /* location */,
				C173C7B620BE36EB0059066F /* AppDelegate.h */,
				C173C7B720BE36EB0059066F /* AppDelegate.m */,
				C173C7BC20BE36EB0059066F /* Main.storyboard */,
				C173C7BF20BE36F20059066F /* images.xcassets */,
				C173C7C120BE36F20059066F /* LaunchScreen.storyboard */,
				C173C7C420BE36F20059066F /* Info.plist */,
				C173C7C520BE36F20059066F /* main.m */,
			);
			path = EagleDemo;
			sourceTree = "<group>";
		};
		C173C7D620BF8A600059066F /* TraceService */ = {
			isa = PBXGroup;
			children = (
				C173C7DB20BF8A980059066F /* BKConstrants.h */,
				C173C7DA20BF8A980059066F /* BKConstrants.m */,
				C173C7D720BF8A720059066F /* BKTraceServiceManager.h */,
				C173C7D820BF8A720059066F /* BKTraceServiceManager.m */,
				C173C7F320BFDD810059066F /* UserEntity.h */,
				C173C7F420BFDD810059066F /* UserEntity.m */,
			);
			path = TraceService;
			sourceTree = "<group>";
		};
		C173C7E720BFBE580059066F /* location */ = {
			isa = PBXGroup;
			children = (
				C173C7DD20BF8BF00059066F /* LocationViewController.h */,
				C173C7DE20BF8BF00059066F /* LocationViewController.m */,
				C173C7DF20BF8BF00059066F /* LocationViewController.xib */,
			);
			path = location;
			sourceTree = "<group>";
		};
		C173C7E820BFBE610059066F /* eagle */ = {
			isa = PBXGroup;
			children = (
				C173C7E220BF8BFF0059066F /* EagleViewController.h */,
				C173C7E320BF8BFF0059066F /* EagleViewController.m */,
				C173C7E420BF8BFF0059066F /* EagleViewController.xib */,
				C173C7E920BFBEE40059066F /* ScanContrailViewController.h */,
				C173C7EA20BFBEE40059066F /* ScanContrailViewController.m */,
				C173C7EB20BFBEE40059066F /* ScanContrailViewController.xib */,
				C173C7EE20BFBEF30059066F /* ContrailViewController.h */,
				C173C7EF20BFBEF30059066F /* ContrailViewController.m */,
				C173C7F020BFBEF30059066F /* ContrailViewController.xib */,
			);
			path = eagle;
			sourceTree = "<group>";
		};
/* End PBXGroup section */

/* Begin PBXNativeTarget section */
		C173C7B220BE36EB0059066F /* EagleDemo */ = {
			isa = PBXNativeTarget;
			buildConfigurationList = C173C7C920BE36F20059066F /* Build configuration list for PBXNativeTarget "EagleDemo" */;
			buildPhases = (
				C173C7AF20BE36EB0059066F /* Sources */,
				C173C7B020BE36EB0059066F /* Frameworks */,
				C173C7B120BE36EB0059066F /* Resources */,
				C173C7D020BE9E370059066F /* Embed Frameworks */,
			);
			buildRules = (
			);
			dependencies = (
			);
			name = EagleDemo;
			productName = EagleDemo;
			productReference = C173C7B320BE36EB0059066F /* EagleDemo.app */;
			productType = "com.apple.product-type.application";
		};
/* End PBXNativeTarget section */

/* Begin PBXProject section */
		C173C7AB20BE36EB0059066F /* Project object */ = {
			isa = PBXProject;
			attributes = {
				LastUpgradeCheck = 0930;
				ORGANIZATIONNAME = Black;
				TargetAttributes = {
					C173C7B220BE36EB0059066F = {
						CreatedOnToolsVersion = 9.3;
						SystemCapabilities = {
							com.apple.BackgroundModes = {
								enabled = 1;
							};
						};
					};
				};
			};
			buildConfigurationList = C173C7AE20BE36EB0059066F /* Build configuration list for PBXProject "EagleDemo" */;
			compatibilityVersion = "Xcode 9.3";
			developmentRegion = en;
			hasScannedForEncodings = 0;
			knownRegions = (
				en,
				Base,
			);
			mainGroup = C173C7AA20BE36EB0059066F;
			productRefGroup = C173C7B420BE36EB0059066F /* Products */;
			projectDirPath = "";
			projectRoot = "";
			targets = (
				C173C7B220BE36EB0059066F /* EagleDemo */,
			);
		};
/* End PBXProject section */

/* Begin PBXResourcesBuildPhase section */
		C173C7B120BE36EB0059066F /* Resources */ = {
			isa = PBXResourcesBuildPhase;
			buildActionMask = 2147483647;
			files = (
				C173C7E620BF8BFF0059066F /* EagleViewController.xib in Resources */,
				C173C7F220BFBEF30059066F /* ContrailViewController.xib in Resources */,
				C173C7C320BE36F20059066F /* LaunchScreen.storyboard in Resources */,
				C173C7C020BE36F20059066F /* images.xcassets in Resources */,
				C173C7ED20BFBEE40059066F /* ScanContrailViewController.xib in Resources */,
				C173C7BE20BE36EB0059066F /* Main.storyboard in Resources */,
				C173C7E120BF8BF00059066F /* LocationViewController.xib in Resources */,
			);
			runOnlyForDeploymentPostprocessing = 0;
		};
/* End PBXResourcesBuildPhase section */

/* Begin PBXSourcesBuildPhase section */
		C173C7AF20BE36EB0059066F /* Sources */ = {
			isa = PBXSourcesBuildPhase;
			buildActionMask = 2147483647;
			files = (
				C173C7DC20BF8A990059066F /* BKConstrants.m in Sources */,
				C173C7EC20BFBEE40059066F /* ScanContrailViewController.m in Sources */,
				C173C7E520BF8BFF0059066F /* EagleViewController.m in Sources */,
				C173C7E020BF8BF00059066F /* LocationViewController.m in Sources */,
				C173C7C620BE36F20059066F /* main.m in Sources */,
				C173C7B820BE36EB0059066F /* AppDelegate.m in Sources */,
				C173C7F520BFDD810059066F /* UserEntity.m in Sources */,
				C173C7F120BFBEF30059066F /* ContrailViewController.m in Sources */,
				C173C7D920BF8A720059066F /* BKTraceServiceManager.m in Sources */,
			);
			runOnlyForDeploymentPostprocessing = 0;
		};
/* End PBXSourcesBuildPhase section */

/* Begin PBXVariantGroup section */
		C173C7BC20BE36EB0059066F /* Main.storyboard */ = {
			isa = PBXVariantGroup;
			children = (
				C173C7BD20BE36EB0059066F /* Base */,
			);
			name = Main.storyboard;
			sourceTree = "<group>";
		};
		C173C7C120BE36F20059066F /* LaunchScreen.storyboard */ = {
			isa = PBXVariantGroup;
			children = (
				C173C7C220BE36F20059066F /* Base */,
			);
			name = LaunchScreen.storyboard;
			sourceTree = "<group>";
		};
/* End PBXVariantGroup section */

/* Begin XCBuildConfiguration section */
		C173C7C720BE36F20059066F /* Debug */ = {
			isa = XCBuildConfiguration;
			buildSettings = {
				ALWAYS_SEARCH_USER_PATHS = NO;
				CLANG_ANALYZER_NONNULL = YES;
				CLANG_ANALYZER_NUMBER_OBJECT_CONVERSION = YES_AGGRESSIVE;
				CLANG_CXX_LANGUAGE_STANDARD = "gnu++14";
				CLANG_CXX_LIBRARY = "libc++";
				CLANG_ENABLE_MODULES = YES;
				CLANG_ENABLE_OBJC_ARC = YES;
				CLANG_ENABLE_OBJC_WEAK = YES;
				CLANG_WARN_BLOCK_CAPTURE_AUTORELEASING = YES;
				CLANG_WARN_BOOL_CONVERSION = YES;
				CLANG_WARN_COMMA = YES;
				CLANG_WARN_CONSTANT_CONVERSION = YES;
				CLANG_WARN_DEPRECATED_OBJC_IMPLEMENTATIONS = YES;
				CLANG_WARN_DIRECT_OBJC_ISA_USAGE = YES_ERROR;
				CLANG_WARN_DOCUMENTATION_COMMENTS = YES;
				CLANG_WARN_EMPTY_BODY = YES;
				CLANG_WARN_ENUM_CONVERSION = YES;
				CLANG_WARN_INFINITE_RECURSION = YES;
				CLANG_WARN_INT_CONVERSION = YES;
				CLANG_WARN_NON_LITERAL_NULL_CONVERSION = YES;
				CLANG_WARN_OBJC_IMPLICIT_RETAIN_SELF = YES;
				CLANG_WARN_OBJC_LITERAL_CONVERSION = YES;
				CLANG_WARN_OBJC_ROOT_CLASS = YES_ERROR;
				CLANG_WARN_RANGE_LOOP_ANALYSIS = YES;
				CLANG_WARN_STRICT_PROTOTYPES = YES;
				CLANG_WARN_SUSPICIOUS_MOVE = YES;
				CLANG_WARN_UNGUARDED_AVAILABILITY = YES_AGGRESSIVE;
				CLANG_WARN_UNREACHABLE_CODE = YES;
				CLANG_WARN__DUPLICATE_METHOD_MATCH = YES;
				CODE_SIGN_IDENTITY = "iPhone Developer";
				COPY_PHASE_STRIP = NO;
				DEBUG_INFORMATION_FORMAT = dwarf;
				ENABLE_STRICT_OBJC_MSGSEND = YES;
				ENABLE_TESTABILITY = YES;
				GCC_C_LANGUAGE_STANDARD = gnu11;
				GCC_DYNAMIC_NO_PIC = NO;
				GCC_NO_COMMON_BLOCKS = YES;
				GCC_OPTIMIZATION_LEVEL = 0;
				GCC_PREPROCESSOR_DEFINITIONS = (
					"DEBUG=1",
					"$(inherited)",
				);
				GCC_WARN_64_TO_32_BIT_CONVERSION = YES;
				GCC_WARN_ABOUT_RETURN_TYPE = YES_ERROR;
				GCC_WARN_UNDECLARED_SELECTOR = YES;
				GCC_WARN_UNINITIALIZED_AUTOS = YES_AGGRESSIVE;
				GCC_WARN_UNUSED_FUNCTION = YES;
				GCC_WARN_UNUSED_VARIABLE = YES;
				IPHONEOS_DEPLOYMENT_TARGET = 11.3;
				MTL_ENABLE_DEBUG_INFO = YES;
				ONLY_ACTIVE_ARCH = YES;
				SDKROOT = iphoneos;
			};
			name = Debug;
		};
		C173C7C820BE36F20059066F /* Release */ = {
			isa = XCBuildConfiguration;
			buildSettings = {
				ALWAYS_SEARCH_USER_PATHS = NO;
				CLANG_ANALYZER_NONNULL = YES;
				CLANG_ANALYZER_NUMBER_OBJECT_CONVERSION = YES_AGGRESSIVE;
				CLANG_CXX_LANGUAGE_STANDARD = "gnu++14";
				CLANG_CXX_LIBRARY = "libc++";
				CLANG_ENABLE_MODULES = YES;
				CLANG_ENABLE_OBJC_ARC = YES;
				CLANG_ENABLE_OBJC_WEAK = YES;
				CLANG_WARN_BLOCK_CAPTURE_AUTORELEASING = YES;
				CLANG_WARN_BOOL_CONVERSION = YES;
				CLANG_WARN_COMMA = YES;
				CLANG_WARN_CONSTANT_CONVERSION = YES;
				CLANG_WARN_DEPRECATED_OBJC_IMPLEMENTATIONS = YES;
				CLANG_WARN_DIRECT_OBJC_ISA_USAGE = YES_ERROR;
				CLANG_WARN_DOCUMENTATION_COMMENTS = YES;
				CLANG_WARN_EMPTY_BODY = YES;
				CLANG_WARN_ENUM_CONVERSION = YES;
				CLANG_WARN_INFINITE_RECURSION = YES;
				CLANG_WARN_INT_CONVERSION = YES;
				CLANG_WARN_NON_LITERAL_NULL_CONVERSION = YES;
				CLANG_WARN_OBJC_IMPLICIT_RETAIN_SELF = YES;
				CLANG_WARN_OBJC_LITERAL_CONVERSION = YES;
				CLANG_WARN_OBJC_ROOT_CLASS = YES_ERROR;
				CLANG_WARN_RANGE_LOOP_ANALYSIS = YES;
				CLANG_WARN_STRICT_PROTOTYPES = YES;
				CLANG_WARN_SUSPICIOUS_MOVE = YES;
				CLANG_WARN_UNGUARDED_AVAILABILITY = YES_AGGRESSIVE;
				CLANG_WARN_UNREACHABLE_CODE = YES;
				CLANG_WARN__DUPLICATE_METHOD_MATCH = YES;
				CODE_SIGN_IDENTITY = "iPhone Developer";
				COPY_PHASE_STRIP = NO;
				DEBUG_INFORMATION_FORMAT = "dwarf-with-dsym";
				ENABLE_NS_ASSERTIONS = NO;
				ENABLE_STRICT_OBJC_MSGSEND = YES;
				GCC_C_LANGUAGE_STANDARD = gnu11;
				GCC_NO_COMMON_BLOCKS = YES;
				GCC_WARN_64_TO_32_BIT_CONVERSION = YES;
				GCC_WARN_ABOUT_RETURN_TYPE = YES_ERROR;
				GCC_WARN_UNDECLARED_SELECTOR = YES;
				GCC_WARN_UNINITIALIZED_AUTOS = YES_AGGRESSIVE;
				GCC_WARN_UNUSED_FUNCTION = YES;
				GCC_WARN_UNUSED_VARIABLE = YES;
				IPHONEOS_DEPLOYMENT_TARGET = 11.3;
				MTL_ENABLE_DEBUG_INFO = NO;
				SDKROOT = iphoneos;
				VALIDATE_PRODUCT = YES;
			};
			name = Release;
		};
		C173C7CA20BE36F20059066F /* Debug */ = {
			isa = XCBuildConfiguration;
			buildSettings = {
				ASSETCATALOG_COMPILER_APPICON_NAME = AppIcon;
				ASSETCATALOG_COMPILER_LAUNCHIMAGE_NAME = LaunchImage;
				CODE_SIGN_STYLE = Automatic;
				DEVELOPMENT_TEAM = 4A44TJ86VM;
				ENABLE_BITCODE = NO;
				FRAMEWORK_SEARCH_PATHS = (
					"$(inherited)",
					"$(PROJECT_DIR)",
				);
				INFOPLIST_FILE = EagleDemo/Info.plist;
				IPHONEOS_DEPLOYMENT_TARGET = 9.0;
				LD_RUNPATH_SEARCH_PATHS = (
					"$(inherited)",
					"@executable_path/Frameworks",
				);
				PRODUCT_BUNDLE_IDENTIFIER = com.anji.plus.hawkeye;
				PRODUCT_NAME = "$(TARGET_NAME)";
				TARGETED_DEVICE_FAMILY = 1;
			};
			name = Debug;
		};
		C173C7CB20BE36F20059066F /* Release */ = {
			isa = XCBuildConfiguration;
			buildSettings = {
				ASSETCATALOG_COMPILER_APPICON_NAME = AppIcon;
				ASSETCATALOG_COMPILER_LAUNCHIMAGE_NAME = LaunchImage;
				CODE_SIGN_STYLE = Automatic;
				DEVELOPMENT_TEAM = 4A44TJ86VM;
				ENABLE_BITCODE = NO;
				FRAMEWORK_SEARCH_PATHS = (
					"$(inherited)",
					"$(PROJECT_DIR)",
				);
				INFOPLIST_FILE = EagleDemo/Info.plist;
				IPHONEOS_DEPLOYMENT_TARGET = 9.0;
				LD_RUNPATH_SEARCH_PATHS = (
					"$(inherited)",
					"@executable_path/Frameworks",
				);
				PRODUCT_BUNDLE_IDENTIFIER = com.anji.plus.hawkeye;
				PRODUCT_NAME = "$(TARGET_NAME)";
				TARGETED_DEVICE_FAMILY = 1;
			};
			name = Release;
		};
/* End XCBuildConfiguration section */

/* Begin XCConfigurationList section */
		C173C7AE20BE36EB0059066F /* Build configuration list for PBXProject "EagleDemo" */ = {
			isa = XCConfigurationList;
			buildConfigurations = (
				C173C7C720BE36F20059066F /* Debug */,
				C173C7C820BE36F20059066F /* Release */,
			);
			defaultConfigurationIsVisible = 0;
			defaultConfigurationName = Release;
		};
		C173C7C920BE36F20059066F /* Build configuration list for PBXNativeTarget "EagleDemo" */ = {
			isa = XCConfigurationList;
			buildConfigurations = (
				C173C7CA20BE36F20059066F /* Debug */,
				C173C7CB20BE36F20059066F /* Release */,
			);
			defaultConfigurationIsVisible = 0;
			defaultConfigurationName = Release;
		};
/* End XCConfigurationList section */
	};
	rootObject = C173C7AB20BE36EB0059066F /* Project object */;
}
